
Microsoft Visual Studio Solution File, Format Version 12.00
# Visual Studio Version 17
VisualStudioVersion = 17.6.33815.320
MinimumVisualStudioVersion = 10.0.40219.1
Project("{FAE04EC0-301F-11D3-BF4B-00C04F79EFBC}") = "Classes - Assignment", "Classes - Assignment\Classes - Assignment.csproj", "{BDC2775A-10AE-4F45-9006-B482C62FAD2C}"
EndProject
Global
	GlobalSection(SolutionConfigurationPlatforms) = preSolution
		Debug|Any CPU = Debug|Any CPU
		Release|Any CPU = Release|Any CPU
	EndGlobalSection
	GlobalSection(ProjectConfigurationPlatforms) = postSolution
		{BDC2775A-10AE-4F45-9006-B482C62FAD2C}.Debug|Any CPU.ActiveCfg = Debug|Any CPU
		{BDC2775A-10AE-4F45-9006-B482C62FAD2C}.Debug|Any CPU.Build.0 = Debug|Any CPU
		{BDC2775A-10AE-4F45-9006-B482C62FAD2C}.Release|Any CPU.ActiveCfg = Release|Any CPU
		{BDC2775A-10AE-4F45-9006-B482C62FAD2C}.Release|Any CPU.Build.0 = Release|Any CPU
	EndGlobalSection
	GlobalSection(SolutionProperties) = preSolution
		HideSolutionNode = FALSE
	EndGlobalSection
	GlobalSection(ExtensibilityGlobals) = postSolution
		SolutionGuid = {2093CC6D-B547-4C07-9CFD-313FC88C9A6A}
	EndGlobalSection
EndGlobal
